
Microsoft Visual Studio Solution File, Format Version 12.00
# Visual Studio Version 16
VisualStudioVersion = 16.0.32901.82
MinimumVisualStudioVersion = 10.0.40219.1
Project("{9A19103F-16F7-4668-BE54-9A1E7A4F7556}") = "PSITS Web Application", "PSITS Web Application\PSITS Web Application.csproj", "{991B4A4A-8930-4F4E-AB76-D4591A6FB60B}"
EndProject
Project("{FAE04EC0-301F-11D3-BF4B-00C04F79EFBC}") = "PSITSWeb_ASP.NET.data", "PSITSWeb_ASP.NET.data\PSITSWeb_ASP.NET.data.csproj", "{50F65E6E-3444-4F6C-9A24-E260F6EFF36C}"
EndProject
Global
	GlobalSection(SolutionConfigurationPlatforms) = preSolution
		Debug|Any CPU = Debug|Any CPU
		Release|Any CPU = Release|Any CPU
	EndGlobalSection
	GlobalSection(ProjectConfigurationPlatforms) = postSolution
		{991B4A4A-8930-4F4E-AB76-D4591A6FB60B}.Debug|Any CPU.ActiveCfg = Debug|Any CPU
		{991B4A4A-8930-4F4E-AB76-D4591A6FB60B}.Debug|Any CPU.Build.0 = Debug|Any CPU
		{991B4A4A-8930-4F4E-AB76-D4591A6FB60B}.Release|Any CPU.ActiveCfg = Release|Any CPU
		{991B4A4A-8930-4F4E-AB76-D4591A6FB60B}.Release|Any CPU.Build.0 = Release|Any CPU
		{50F65E6E-3444-4F6C-9A24-E260F6EFF36C}.Debug|Any CPU.ActiveCfg = Debug|Any CPU
		{50F65E6E-3444-4F6C-9A24-E260F6EFF36C}.Debug|Any CPU.Build.0 = Debug|Any CPU
		{50F65E6E-3444-4F6C-9A24-E260F6EFF36C}.Release|Any CPU.ActiveCfg = Release|Any CPU
		{50F65E6E-3444-4F6C-9A24-E260F6EFF36C}.Release|Any CPU.Build.0 = Release|Any CPU
	EndGlobalSection
	GlobalSection(SolutionProperties) = preSolution
		HideSolutionNode = FALSE
	EndGlobalSection
	GlobalSection(ExtensibilityGlobals) = postSolution
		SolutionGuid = {F27FBAC4-195C-44EB-B08C-EBC9F6D0ECAF}
	EndGlobalSection
EndGlobal
