
Microsoft Visual Studio Solution File, Format Version 12.00
# Visual Studio Version 16
VisualStudioVersion = 16.0.32901.82
MinimumVisualStudioVersion = 10.0.40219.1
Project("{FAE04EC0-301F-11D3-BF4B-00C04F79EFBC}") = "PSITSAndroid", "PSITSAndroid\PSITSAndroid.csproj", "{80E6B20B-8DB6-4628-A599-78878999641C}"
EndProject
Global
	GlobalSection(SolutionConfigurationPlatforms) = preSolution
		Debug|Any CPU = Debug|Any CPU
		Release|Any CPU = Release|Any CPU
	EndGlobalSection
	GlobalSection(ProjectConfigurationPlatforms) = postSolution
		{80E6B20B-8DB6-4628-A599-78878999641C}.Debug|Any CPU.ActiveCfg = Debug|Any CPU
		{80E6B20B-8DB6-4628-A599-78878999641C}.Debug|Any CPU.Build.0 = Debug|Any CPU
		{80E6B20B-8DB6-4628-A599-78878999641C}.Debug|Any CPU.Deploy.0 = Debug|Any CPU
		{80E6B20B-8DB6-4628-A599-78878999641C}.Release|Any CPU.ActiveCfg = Release|Any CPU
		{80E6B20B-8DB6-4628-A599-78878999641C}.Release|Any CPU.Build.0 = Release|Any CPU
		{80E6B20B-8DB6-4628-A599-78878999641C}.Release|Any CPU.Deploy.0 = Release|Any CPU
	EndGlobalSection
	GlobalSection(SolutionProperties) = preSolution
		HideSolutionNode = FALSE
	EndGlobalSection
	GlobalSection(ExtensibilityGlobals) = postSolution
		SolutionGuid = {644B24EF-BFB4-4D98-93DA-FC374B3232A1}
	EndGlobalSection
EndGlobal
